
Microsoft Visual Studio Solution File, Format Version 12.00
# Visual Studio Version 17
VisualStudioVersion = 17.11.35431.28
MinimumVisualStudioVersion = 10.0.40219.1
Project("{FAE04EC0-301F-11D3-BF4B-00C04F79EFBC}") = "Convertidor_de_Unidades", "Convertidor_de_Unidades\Convertidor_de_Unidades.csproj", "{A726E2B4-9924-43BB-9D59-8D49D5580833}"
EndProject
Global
	GlobalSection(SolutionConfigurationPlatforms) = preSolution
		Debug|Any CPU = Debug|Any CPU
		Release|Any CPU = Release|Any CPU
	EndGlobalSection
	GlobalSection(ProjectConfigurationPlatforms) = postSolution
		{A726E2B4-9924-43BB-9D59-8D49D5580833}.Debug|Any CPU.ActiveCfg = Debug|Any CPU
		{A726E2B4-9924-43BB-9D59-8D49D5580833}.Debug|Any CPU.Build.0 = Debug|Any CPU
		{A726E2B4-9924-43BB-9D59-8D49D5580833}.Release|Any CPU.ActiveCfg = Release|Any CPU
		{A726E2B4-9924-43BB-9D59-8D49D5580833}.Release|Any CPU.Build.0 = Release|Any CPU
	EndGlobalSection
	GlobalSection(SolutionProperties) = preSolution
		HideSolutionNode = FALSE
	EndGlobalSection
	GlobalSection(ExtensibilityGlobals) = postSolution
		SolutionGuid = {0461FA81-DE01-4874-9AD0-37168312CA6D}
	EndGlobalSection
EndGlobal
